hash: c9e786ae3c69f5c95402c09a67ae12c09d23f3a0f0737ebb2f9a142a54053d61
updated: 2017-04-03T11:30:49.20853796+02:00
imports:
- name: github.com/beevik/etree
  version: 1095c300fba68cb7f7895c0f96b2d34927f8115b
- name: github.com/cockroachdb/cockroach-go
  version: ""
  subpackages:
  - crdb
- name: github.com/coreos/dex
  version: f4865a354cbac7ed58fd0bbf2ddb7481f9cd3eb2
  subpackages:
  - api
  - connector
  - connector/github
  - connector/ldap
  - connector/mock
  - connector/oidc
  - server
  - storage
  - storage/kubernetes
  - storage/memory
  - storage/sql
  - version
  - storage/kubernetes/k8sapi
  - storage/conformance
  - server/internal
- name: github.com/coreos/go-oidc
  version: ""
- name: github.com/ghodss/yaml
  version: ""
- name: github.com/go-sql-driver/mysql
  version: ""
- name: github.com/golang/protobuf
  version: ""
  subpackages:
  - proto
  - protoc-gen-go
- name: github.com/gorilla/context
  version: ""
- name: github.com/gorilla/handlers
  version: 13d73096a474cac93275c679c7b8a2dc17ddba82
- name: github.com/gorilla/mux
  version: ""
- name: github.com/gtank/cryptopasta
  version: ""
- name: github.com/inconshreveable/mousetrap
  version: ""
- name: github.com/jonboulle/clockwork
  version: bcac9884e7502bb2b474c0339d889cb981a2f27f
- name: github.com/kylelemons/godebug
  version: ""
  subpackages:
  - diff
  - pretty
- name: github.com/lib/pq
  version: ""
  subpackages:
  - oid
- name: github.com/mattn/go-sqlite3
  version: ""
- name: github.com/pquerna/cachecontrol
  version: ""
  subpackages:
  - cacheobject
- name: github.com/russellhaering/goxmldsig
  version: eaac44c63fe007124f8f6255b09febc906784981
  subpackages:
  - etreeutils
  - types
- name: github.com/Sirupsen/logrus
  version: d26492970760ca5d33129d2d799e34be5c4782eb
- name: github.com/spf13/cobra
  version: ""
- name: github.com/spf13/pflag
  version: ""
- name: golang.org/x/crypto
  version: ""
  subpackages:
  - bcrypt
  - blowfish
- name: golang.org/x/net
  version: ""
  subpackages:
  - context
  - context/ctxhttp
  - http2
  - http2/hpack
  - internal/timeseries
  - lex/httplex
  - trace
- name: golang.org/x/oauth2
  version: ""
  subpackages:
  - github
  - internal
- name: golang.org/x/sys
  version: 833a04a10549a95dc34458c195cbad61bbb6cb4d
  subpackages:
  - unix
- name: google.golang.org/appengine
  version: ""
  subpackages:
  - urlfetch
  - internal
  - internal/urlfetch
  - internal/base
  - internal/datastore
  - internal/log
  - internal/remote_api
- name: google.golang.org/grpc
  version: ""
  subpackages:
  - codes
  - credentials
  - grpclog
  - internal
  - metadata
  - naming
  - peer
  - transport
- name: gopkg.in/asn1-ber.v1
  version: ""
- name: gopkg.in/ldap.v2
  version: ""
- name: gopkg.in/square/go-jose.v2
  version: ""
  subpackages:
  - cipher
  - json
- name: gopkg.in/yaml.v2
  version: ""
testImports: []
